hash: 77170cdf0c7ed6b6f7ca02542a1e8d96ae56a7d235fd1b9a57e19bd08ef26e6b
updated: 2016-03-17T23:58:05.850413311-05:00
imports:
- name: github.com/joho/godotenv
  version: 4ed13390c0acd2ff4e371e64d8b97c8954138243
- name: gopkg.in/salsita/go-pivotaltracker.v1
  version: 46083f60193ab53b18d2ffe64d298127652b39ac
  subpackages:
  - /v5/pivotal
devImports: []
